Microsoft Visual Studio Solution File, Format Version 12.00
# Visual Studio Version 17
VisualStudioVersion = 17.5.2.0
MinimumVisualStudioVersion = 10.0.40219.1
Project("{FAE04EC0-301F-11D3-BF4B-00C04F79EFBC}") = "LzAssessor.NewVersion", "src\LzAssessor.NewVersion\LzAssessor.NewVersion.csproj", "{8D7A6330-FA50-7FCB-658E-76C4B20CABD3}"
EndProject
Global
	GlobalSection(SolutionConfigurationPlatforms) = preSolution
		Debug|Any CPU = Debug|Any CPU
		Release|Any CPU = Release|Any CPU
	EndGlobalSection
	GlobalSection(ProjectConfigurationPlatforms) = postSolution
		{8D7A6330-FA50-7FCB-658E-76C4B20CABD3}.Debug|Any CPU.ActiveCfg = Debug|Any CPU
		{8D7A6330-FA50-7FCB-658E-76C4B20CABD3}.Debug|Any CPU.Build.0 = Debug|Any CPU
		{8D7A6330-FA50-7FCB-658E-76C4B20CABD3}.Release|Any CPU.ActiveCfg = Release|Any CPU
		{8D7A6330-FA50-7FCB-658E-76C4B20CABD3}.Release|Any CPU.Build.0 = Release|Any CPU
	EndGlobalSection
	GlobalSection(SolutionProperties) = preSolution
		HideSolutionNode = FALSE
	EndGlobalSection
	GlobalSection(ExtensibilityGlobals) = postSolution
		SolutionGuid = {7B8297E6-865C-46A0-B7C5-FDF3A072EB8C}
	EndGlobalSection
EndGlobal
